# Compiled dependency lock. DO NOT hand-edit: run `make lock` and commit the result.
#
#   uv pip compile pyproject.toml --extra gcp --universal -o requirements-gcp.lock
#
# --universal resolves across every interpreter in the CI matrix, so ONE lockfile installs on
# all of them. Everything is pinned to an exact version, and the catalog commons are pinned to a
# 40-character COMMIT SHA rather than to the tag `pyproject.toml` names.
#
# A tag is a movable pointer. A lockfile that pins a tag installs whatever that tag points at on
# the day pip runs, so a re-pushed tag changes what ships with NO diff in this file and no way to
# notice: it breaks the reproducible-install claim (practices check D1) exactly where the claim is
# supposed to be strongest. A commit cannot move.
#
# Dereference a tag with `git rev-list -n 1 <tag>`, NOT `git rev-parse <tag>`. These are ANNOTATED
# tags, so `rev-parse` returns the tag OBJECT (a different sha that is not a commit); pinning one
# of those is a lockfile that looks pinned and does not install.
#
# tag -> commit, and `tests/unit/test_repo_artifacts.py` proves each line against the tag
# `pyproject.toml` names and against the other lockfile:
#   hex-service-kit     v0.0.6 = 418b969d79edc70e2b9d99856c5b48515f93e6f8
#   agent-eval-kit      v0.0.1 = a79f0afd125ba81c0fec001f9617f9473d6d7ec1
#   review-kit          v0.0.1 = 47c05c64fa115d9aa07c0f349be5ec5d807bbe95
#   pii-kit             v0.0.1 = 654493048a8434d645757cc916bb9d446313688f
#   speech-lexicon-kit  v0.0.1 = 368beec2c718f3445ac20786c4a488d20de4f098
agent-eval-kit @ git+https://github.com/portable-genai/agent-eval-kit@a79f0afd125ba81c0fec001f9617f9473d6d7ec1
    # via meeting-knowledge-capture (pyproject.toml)
annotated-doc==0.0.5
    # via fastapi
annotated-types==0.8.0
    # via pydantic
anyio==4.14.2
    # via
    #   httpx
    #   starlette
certifi==2026.7.22
    # via
    #   httpcore
    #   httpx
    #   requests
cffi==2.1.1 ; platform_python_implementation != 'PyPy'
    # via cryptography
charset-normalizer==3.5.1
    # via requests
click==8.5.0
    # via uvicorn
cryptography==50.0.1
    # via google-auth
fastapi==0.141.1
    # via hex-service-kit
google-api-core==2.34.0
    # via
    #   google-cloud-appengine-logging
    #   google-cloud-core
    #   google-cloud-logging
google-auth==2.57.0
    # via
    #   meeting-knowledge-capture (pyproject.toml)
    #   google-api-core
    #   google-cloud-appengine-logging
    #   google-cloud-core
    #   google-cloud-logging
google-cloud-appengine-logging==1.10.0
    # via google-cloud-logging
google-cloud-audit-log==0.6.2
    # via google-cloud-logging
google-cloud-core==2.7.0
    # via google-cloud-logging
google-cloud-logging==3.16.3
    # via meeting-knowledge-capture (pyproject.toml)
googleapis-common-protos==1.75.2
    # via
    #   google-api-core
    #   google-cloud-audit-log
    #   grpc-google-iam-v1
    #   grpcio-status
grpc-google-iam-v1==0.14.5
    # via google-cloud-logging
grpcio==1.83.1
    # via
    #   google-api-core
    #   google-cloud-appengine-logging
    #   google-cloud-logging
    #   googleapis-common-protos
    #   grpc-google-iam-v1
    #   grpcio-status
grpcio-status==1.83.1
    # via google-api-core
h11==0.16.0
    # via
    #   httpcore
    #   uvicorn
hex-service-kit @ git+https://github.com/portable-genai/hex-service-kit@418b969d79edc70e2b9d99856c5b48515f93e6f8
    # via meeting-knowledge-capture (pyproject.toml)
httpcore==1.0.9
    # via httpx
httpx==0.28.1
    # via agent-eval-kit
idna==3.19
    # via
    #   anyio
    #   httpx
    #   requests
opentelemetry-api==1.44.0
    # via google-cloud-logging
pii-kit @ git+https://github.com/portable-genai/pii-kit@654493048a8434d645757cc916bb9d446313688f
    # via meeting-knowledge-capture (pyproject.toml)
proto-plus==1.28.4
    # via
    #   google-api-core
    #   google-cloud-appengine-logging
    #   google-cloud-logging
protobuf==7.36.0
    # via
    #   google-api-core
    #   google-cloud-appengine-logging
    #   google-cloud-audit-log
    #   google-cloud-logging
    #   googleapis-common-protos
    #   grpc-google-iam-v1
    #   grpcio-status
    #   proto-plus
pyasn1==0.6.4
    # via pyasn1-modules
pyasn1-modules==0.4.2
    # via google-auth
pycparser==3.0 ; implementation_name != 'PyPy' and platform_python_implementation != 'PyPy'
    # via cffi
pydantic==2.13.5
    # via fastapi
pydantic-core==2.46.5
    # via pydantic
pyyaml==6.0.3
    # via meeting-knowledge-capture (pyproject.toml)
requests==2.34.2
    # via google-api-core
review-kit @ git+https://github.com/portable-genai/review-kit@47c05c64fa115d9aa07c0f349be5ec5d807bbe95
    # via meeting-knowledge-capture (pyproject.toml)
speech-lexicon-kit @ git+https://github.com/portable-genai/speech-lexicon-kit@368beec2c718f3445ac20786c4a488d20de4f098
    # via meeting-knowledge-capture (pyproject.toml)
starlette==1.6.0
    # via
    #   fastapi
    #   hex-service-kit
typing-extensions==4.16.0
    # via
    #   anyio
    #   fastapi
    #   grpcio
    #   opentelemetry-api
    #   pydantic
    #   pydantic-core
    #   starlette
    #   typing-inspection
typing-inspection==0.4.4
    # via
    #   fastapi
    #   pydantic
urllib3==2.7.0
    # via requests
uvicorn==0.52.4
    # via meeting-knowledge-capture (pyproject.toml)
